
Microsoft Visual Studio Solution File, Format Version 12.00
# Visual Studio Version 17
VisualStudioVersion = 17.5.002.0
MinimumVisualStudioVersion = 10.0.40219.1
Project("{2150E333-8FDC-42A3-9474-1A3956D46DE8}") = "csharp-prep", "csharp-prep", "{21D70EDD-3659-47AA-948E-4ADC8C0D0C54}"
EndProject
Project("{9A19103F-16F7-4668-BE54-9A1E7A4F7556}") = "Prep1", "csharp-prep\Prep1\Prep1.csproj", "{DF425551-DFC6-4B48-821B-A23068774CBB}"
EndProject
Project("{9A19103F-16F7-4668-BE54-9A1E7A4F7556}") = "Prep2", "csharp-prep\Prep2\Prep2.csproj", "{F9800866-6F7B-49D0-827F-A4A94F8FAB66}"
EndProject
Project("{9A19103F-16F7-4668-BE54-9A1E7A4F7556}") = "Prep3", "csharp-prep\Prep3\Prep3.csproj", "{B882E409-F543-4F05-9F19-34068748A74C}"
EndProject
Project("{9A19103F-16F7-4668-BE54-9A1E7A4F7556}") = "Prep4", "csharp-prep\Prep4\Prep4.csproj", "{991C300A-B8B5-42A1-9EBE-21096CBEA26D}"
EndProject
Project("{9A19103F-16F7-4668-BE54-9A1E7A4F7556}") = "Prep5", "csharp-prep\Prep5\Prep5.csproj", "{8C48259A-1273-41A6-8EA2-2E179B97CDAC}"
EndProject
Project("{2150E333-8FDC-42A3-9474-1A3956D46DE8}") = "final", "final", "{AFFC981C-961B-4EFA-81AE-0F2DE81C1759}"
EndProject
Project("{9A19103F-16F7-4668-BE54-9A1E7A4F7556}") = "FinalProject", "final\FinalProject\FinalProject.csproj", "{92B6DA22-CDCC-4227-91C6-3653A458E3D8}"
EndProject
Project("{9A19103F-16F7-4668-BE54-9A1E7A4F7556}") = "Foundation1", "final\Foundation1\Foundation1.csproj", "{B9CC29AF-8BDD-4E69-B42D-70CD74285D01}"
EndProject
Project("{9A19103F-16F7-4668-BE54-9A1E7A4F7556}") = "Foundation2", "final\Foundation2\Foundation2.csproj", "{639EB376-8669-497B-8647-5725DF72CA17}"
EndProject
Project("{9A19103F-16F7-4668-BE54-9A1E7A4F7556}") = "Foundation3", "final\Foundation3\Foundation3.csproj", "{9C1B37D6-FB48-40FA-90F7-7633DF06206C}"
EndProject
Project("{9A19103F-16F7-4668-BE54-9A1E7A4F7556}") = "Foundation4", "final\Foundation4\Foundation4.csproj", "{8D3B7721-2347-483B-B95D-38B5396730FB}"
EndProject
Project("{2150E333-8FDC-42A3-9474-1A3956D46DE8}") = "prepare", "prepare", "{2C2B5416-AD39-48F8-BB94-28DD10BBB891}"
EndProject
Project("{9A19103F-16F7-4668-BE54-9A1E7A4F7556}") = "Learning02", "prepare\Learning02\Learning02.csproj", "{395DF604-7B5B-4189-8DFC-7CDE52B57222}"
EndProject
Project("{9A19103F-16F7-4668-BE54-9A1E7A4F7556}") = "Learning03", "prepare\Learning03\Learning03.csproj", "{84B097B2-EBFE-4B95-B768-4C2E4018615C}"
EndProject
Project("{9A19103F-16F7-4668-BE54-9A1E7A4F7556}") = "Learning04", "prepare\Learning04\Learning04.csproj", "{0CA873E0-E57D-457A-8024-186126F17782}"
EndProject
Project("{9A19103F-16F7-4668-BE54-9A1E7A4F7556}") = "Learning05", "prepare\Learning05\Learning05.csproj", "{80F87AEC-0B2B-4F1E-85CD-E39973B2EC7B}"
EndProject
Project("{2150E333-8FDC-42A3-9474-1A3956D46DE8}") = "prove", "prove", "{B75B8215-BA02-4843-9328-BB1AA30F4DFD}"
EndProject
Project("{9A19103F-16F7-4668-BE54-9A1E7A4F7556}") = "Develop02", "prove\Develop02\Develop02.csproj", "{BEE7E5D4-62C3-43F1-B667-07FE6804DDBD}"
EndProject
Project("{9A19103F-16F7-4668-BE54-9A1E7A4F7556}") = "Develop03", "prove\Develop03\Develop03.csproj", "{C6473BD7-D5FA-4B16-81E2-ED7B6B66B8B0}"
EndProject
Project("{9A19103F-16F7-4668-BE54-9A1E7A4F7556}") = "Develop04", "prove\Develop04\Develop04.csproj", "{4680B566-3F55-40B6-AA89-B2E62E79753A}"
EndProject
Project("{9A19103F-16F7-4668-BE54-9A1E7A4F7556}") = "Develop05", "prove\Develop05\Develop05.csproj", "{305C38D2-2DCD-49C4-844A-EC52C396A461}"
EndProject
Project("{2150E333-8FDC-42A3-9474-1A3956D46DE8}") = "sandbox", "sandbox", "{6CEDBD15-B032-4C07-842B-AC40DC44D1B6}"
EndProject
Project("{9A19103F-16F7-4668-BE54-9A1E7A4F7556}") = "Sandbox", "sandbox\Sandbox\Sandbox.csproj", "{4A66BFA5-CAB9-40AC-95B1-5B3FC19E035F}"
EndProject
Global
	GlobalSection(SolutionConfigurationPlatforms) = preSolution
		Debug|Any CPU = Debug|Any CPU
		Release|Any CPU = Release|Any CPU
	EndGlobalSection
	GlobalSection(ProjectConfigurationPlatforms) = postSolution
		{DF425551-DFC6-4B48-821B-A23068774CBB}.Debug|Any CPU.ActiveCfg = Debug|Any CPU
		{DF425551-DFC6-4B48-821B-A23068774CBB}.Debug|Any CPU.Build.0 = Debug|Any CPU
		{DF425551-DFC6-4B48-821B-A23068774CBB}.Release|Any CPU.ActiveCfg = Release|Any CPU
		{DF425551-DFC6-4B48-821B-A23068774CBB}.Release|Any CPU.Build.0 = Release|Any CPU
		{F9800866-6F7B-49D0-827F-A4A94F8FAB66}.Debug|Any CPU.ActiveCfg = Debug|Any CPU
		{F9800866-6F7B-49D0-827F-A4A94F8FAB66}.Debug|Any CPU.Build.0 = Debug|Any CPU
		{F9800866-6F7B-49D0-827F-A4A94F8FAB66}.Release|Any CPU.ActiveCfg = Release|Any CPU
		{F9800866-6F7B-49D0-827F-A4A94F8FAB66}.Release|Any CPU.Build.0 = Release|Any CPU
		{B882E409-F543-4F05-9F19-34068748A74C}.Debug|Any CPU.ActiveCfg = Debug|Any CPU
		{B882E409-F543-4F05-9F19-34068748A74C}.Debug|Any CPU.Build.0 = Debug|Any CPU
		{B882E409-F543-4F05-9F19-34068748A74C}.Release|Any CPU.ActiveCfg = Release|Any CPU
		{B882E409-F543-4F05-9F19-34068748A74C}.Release|Any CPU.Build.0 = Release|Any CPU
		{991C300A-B8B5-42A1-9EBE-21096CBEA26D}.Debug|Any CPU.ActiveCfg = Debug|Any CPU
		{991C300A-B8B5-42A1-9EBE-21096CBEA26D}.Debug|Any CPU.Build.0 = Debug|Any CPU
		{991C300A-B8B5-42A1-9EBE-21096CBEA26D}.Release|Any CPU.ActiveCfg = Release|Any CPU
		{991C300A-B8B5-42A1-9EBE-21096CBEA26D}.Release|Any CPU.Build.0 = Release|Any CPU
		{8C48259A-1273-41A6-8EA2-2E179B97CDAC}.Debug|Any CPU.ActiveCfg = Debug|Any CPU
		{8C48259A-1273-41A6-8EA2-2E179B97CDAC}.Debug|Any CPU.Build.0 = Debug|Any CPU
		{8C48259A-1273-41A6-8EA2-2E179B97CDAC}.Release|Any CPU.ActiveCfg = Release|Any CPU
		{8C48259A-1273-41A6-8EA2-2E179B97CDAC}.Release|Any CPU.Build.0 = Release|Any CPU
		{92B6DA22-CDCC-4227-91C6-3653A458E3D8}.Debug|Any CPU.ActiveCfg = Debug|Any CPU
		{92B6DA22-CDCC-4227-91C6-3653A458E3D8}.Debug|Any CPU.Build.0 = Debug|Any CPU
		{92B6DA22-CDCC-4227-91C6-3653A458E3D8}.Release|Any CPU.ActiveCfg = Release|Any CPU
		{92B6DA22-CDCC-4227-91C6-3653A458E3D8}.Release|Any CPU.Build.0 = Release|Any CPU
		{B9CC29AF-8BDD-4E69-B42D-70CD74285D01}.Debug|Any CPU.ActiveCfg = Debug|Any CPU
		{B9CC29AF-8BDD-4E69-B42D-70CD74285D01}.Debug|Any CPU.Build.0 = Debug|Any CPU
		{B9CC29AF-8BDD-4E69-B42D-70CD74285D01}.Release|Any CPU.ActiveCfg = Release|Any CPU
		{B9CC29AF-8BDD-4E69-B42D-70CD74285D01}.Release|Any CPU.Build.0 = Release|Any CPU
		{639EB376-8669-497B-8647-5725DF72CA17}.Debug|Any CPU.ActiveCfg = Debug|Any CPU
		{639EB376-8669-497B-8647-5725DF72CA17}.Debug|Any CPU.Build.0 = Debug|Any CPU
		{639EB376-8669-497B-8647-5725DF72CA17}.Release|Any CPU.ActiveCfg = Release|Any CPU
		{639EB376-8669-497B-8647-5725DF72CA17}.Release|Any CPU.Build.0 = Release|Any CPU
		{9C1B37D6-FB48-40FA-90F7-7633DF06206C}.Debug|Any CPU.ActiveCfg = Debug|Any CPU
		{9C1B37D6-FB48-40FA-90F7-7633DF06206C}.Debug|Any CPU.Build.0 = Debug|Any CPU
		{9C1B37D6-FB48-40FA-90F7-7633DF06206C}.Release|Any CPU.ActiveCfg = Release|Any CPU
		{9C1B37D6-FB48-40FA-90F7-7633DF06206C}.Release|Any CPU.Build.0 = Release|Any CPU
		{8D3B7721-2347-483B-B95D-38B5396730FB}.Debug|Any CPU.ActiveCfg = Debug|Any CPU
		{8D3B7721-2347-483B-B95D-38B5396730FB}.Debug|Any CPU.Build.0 = Debug|Any CPU
		{8D3B7721-2347-483B-B95D-38B5396730FB}.Release|Any CPU.ActiveCfg = Release|Any CPU
		{8D3B7721-2347-483B-B95D-38B5396730FB}.Release|Any CPU.Build.0 = Release|Any CPU
		{395DF604-7B5B-4189-8DFC-7CDE52B57222}.Debug|Any CPU.ActiveCfg = Debug|Any CPU
		{395DF604-7B5B-4189-8DFC-7CDE52B57222}.Debug|Any CPU.Build.0 = Debug|Any CPU
		{395DF604-7B5B-4189-8DFC-7CDE52B57222}.Release|Any CPU.ActiveCfg = Release|Any CPU
		{395DF604-7B5B-4189-8DFC-7CDE52B57222}.Release|Any CPU.Build.0 = Release|Any CPU
		{84B097B2-EBFE-4B95-B768-4C2E4018615C}.Debug|Any CPU.ActiveCfg = Debug|Any CPU
		{84B097B2-EBFE-4B95-B768-4C2E4018615C}.Debug|Any CPU.Build.0 = Debug|Any CPU
		{84B097B2-EBFE-4B95-B768-4C2E4018615C}.Release|Any CPU.ActiveCfg = Release|Any CPU
		{84B097B2-EBFE-4B95-B768-4C2E4018615C}.Release|Any CPU.Build.0 = Release|Any CPU
		{0CA873E0-E57D-457A-8024-186126F17782}.Debug|Any CPU.ActiveCfg = Debug|Any CPU
		{0CA873E0-E57D-457A-8024-186126F17782}.Debug|Any CPU.Build.0 = Debug|Any CPU
		{0CA873E0-E57D-457A-8024-186126F17782}.Release|Any CPU.ActiveCfg = Release|Any CPU
		{0CA873E0-E57D-457A-8024-186126F17782}.Release|Any CPU.Build.0 = Release|Any CPU
		{80F87AEC-0B2B-4F1E-85CD-E39973B2EC7B}.Debug|Any CPU.ActiveCfg = Debug|Any CPU
		{80F87AEC-0B2B-4F1E-85CD-E39973B2EC7B}.Debug|Any CPU.Build.0 = Debug|Any CPU
		{80F87AEC-0B2B-4F1E-85CD-E39973B2EC7B}.Release|Any CPU.ActiveCfg = Release|Any CPU
		{80F87AEC-0B2B-4F1E-85CD-E39973B2EC7B}.Release|Any CPU.Build.0 = Release|Any CPU
		{BEE7E5D4-62C3-43F1-B667-07FE6804DDBD}.Debug|Any CPU.ActiveCfg = Debug|Any CPU
		{BEE7E5D4-62C3-43F1-B667-07FE6804DDBD}.Debug|Any CPU.Build.0 = Debug|Any CPU
		{BEE7E5D4-62C3-43F1-B667-07FE6804DDBD}.Release|Any CPU.ActiveCfg = Release|Any CPU
		{BEE7E5D4-62C3-43F1-B667-07FE6804DDBD}.Release|Any CPU.Build.0 = Release|Any CPU
		{C6473BD7-D5FA-4B16-81E2-ED7B6B66B8B0}.Debug|Any CPU.ActiveCfg = Debug|Any CPU
		{C6473BD7-D5FA-4B16-81E2-ED7B6B66B8B0}.Debug|Any CPU.Build.0 = Debug|Any CPU
		{C6473BD7-D5FA-4B16-81E2-ED7B6B66B8B0}.Release|Any CPU.ActiveCfg = Release|Any CPU
		{C6473BD7-D5FA-4B16-81E2-ED7B6B66B8B0}.Release|Any CPU.Build.0 = Release|Any CPU
		{4680B566-3F55-40B6-AA89-B2E62E79753A}.Debug|Any CPU.ActiveCfg = Debug|Any CPU
		{4680B566-3F55-40B6-AA89-B2E62E79753A}.Debug|Any CPU.Build.0 = Debug|Any CPU
		{4680B566-3F55-40B6-AA89-B2E62E79753A}.Release|Any CPU.ActiveCfg = Release|Any CPU
		{4680B566-3F55-40B6-AA89-B2E62E79753A}.Release|Any CPU.Build.0 = Release|Any CPU
		{305C38D2-2DCD-49C4-844A-EC52C396A461}.Debug|Any CPU.ActiveCfg = Debug|Any CPU
		{305C38D2-2DCD-49C4-844A-EC52C396A461}.Debug|Any CPU.Build.0 = Debug|Any CPU
		{305C38D2-2DCD-49C4-844A-EC52C396A461}.Release|Any CPU.ActiveCfg = Release|Any CPU
		{305C38D2-2DCD-49C4-844A-EC52C396A461}.Release|Any CPU.Build.0 = Release|Any CPU
		{4A66BFA5-CAB9-40AC-95B1-5B3FC19E035F}.Debug|Any CPU.ActiveCfg = Debug|Any CPU
		{4A66BFA5-CAB9-40AC-95B1-5B3FC19E035F}.Debug|Any CPU.Build.0 = Debug|Any CPU
		{4A66BFA5-CAB9-40AC-95B1-5B3FC19E035F}.Release|Any CPU.ActiveCfg = Release|Any CPU
		{4A66BFA5-CAB9-40AC-95B1-5B3FC19E035F}.Release|Any CPU.Build.0 = Release|Any CPU
	EndGlobalSection
	GlobalSection(SolutionProperties) = preSolution
		HideSolutionNode = FALSE
	EndGlobalSection
	GlobalSection(NestedProjects) = preSolution
		{DF425551-DFC6-4B48-821B-A23068774CBB} = {21D70EDD-3659-47AA-948E-4ADC8C0D0C54}
		{F9800866-6F7B-49D0-827F-A4A94F8FAB66} = {21D70EDD-3659-47AA-948E-4ADC8C0D0C54}
		{B882E409-F543-4F05-9F19-34068748A74C} = {21D70EDD-3659-47AA-948E-4ADC8C0D0C54}
		{991C300A-B8B5-42A1-9EBE-21096CBEA26D} = {21D70EDD-3659-47AA-948E-4ADC8C0D0C54}
		{8C48259A-1273-41A6-8EA2-2E179B97CDAC} = {21D70EDD-3659-47AA-948E-4ADC8C0D0C54}
		{92B6DA22-CDCC-4227-91C6-3653A458E3D8} = {AFFC981C-961B-4EFA-81AE-0F2DE81C1759}
		{B9CC29AF-8BDD-4E69-B42D-70CD74285D01} = {AFFC981C-961B-4EFA-81AE-0F2DE81C1759}
		{639EB376-8669-497B-8647-5725DF72CA17} = {AFFC981C-961B-4EFA-81AE-0F2DE81C1759}
		{9C1B37D6-FB48-40FA-90F7-7633DF06206C} = {AFFC981C-961B-4EFA-81AE-0F2DE81C1759}
		{8D3B7721-2347-483B-B95D-38B5396730FB} = {AFFC981C-961B-4EFA-81AE-0F2DE81C1759}
		{395DF604-7B5B-4189-8DFC-7CDE52B57222} = {2C2B5416-AD39-48F8-BB94-28DD10BBB891}
		{84B097B2-EBFE-4B95-B768-4C2E4018615C} = {2C2B5416-AD39-48F8-BB94-28DD10BBB891}
		{0CA873E0-E57D-457A-8024-186126F17782} = {2C2B5416-AD39-48F8-BB94-28DD10BBB891}
		{80F87AEC-0B2B-4F1E-85CD-E39973B2EC7B} = {2C2B5416-AD39-48F8-BB94-28DD10BBB891}
		{BEE7E5D4-62C3-43F1-B667-07FE6804DDBD} = {B75B8215-BA02-4843-9328-BB1AA30F4DFD}
		{C6473BD7-D5FA-4B16-81E2-ED7B6B66B8B0} = {B75B8215-BA02-4843-9328-BB1AA30F4DFD}
		{4680B566-3F55-40B6-AA89-B2E62E79753A} = {B75B8215-BA02-4843-9328-BB1AA30F4DFD}
		{305C38D2-2DCD-49C4-844A-EC52C396A461} = {B75B8215-BA02-4843-9328-BB1AA30F4DFD}
		{4A66BFA5-CAB9-40AC-95B1-5B3FC19E035F} = {6CEDBD15-B032-4C07-842B-AC40DC44D1B6}
	EndGlobalSection
	GlobalSection(ExtensibilityGlobals) = postSolution
		SolutionGuid = {CA23001F-71F2-47D1-A4C1-EB518D9F6799}
	EndGlobalSection
EndGlobal
